
Microsoft Visual Studio Solution File, Format Version 12.00
# Visual Studio Version 16
VisualStudioVersion = 16.0.30907.101
MinimumVisualStudioVersion = 10.0.40219.1
Project("{9A19103F-16F7-4668-BE54-9A1E7A4F7556}") = "Potters_Patrol", "Potters_Patrol.csproj", "{FF248AB9-C9AB-40D3-AF42-F4E7997D406C}"
EndProject
Global
	GlobalSection(SolutionConfigurationPlatforms) = preSolution
		Debug|Any CPU = Debug|Any CPU
		Release|Any CPU = Release|Any CPU
	EndGlobalSection
	GlobalSection(ProjectConfigurationPlatforms) = postSolution
		{FF248AB9-C9AB-40D3-AF42-F4E7997D406C}.Debug|Any CPU.ActiveCfg = Debug|Any CPU
		{FF248AB9-C9AB-40D3-AF42-F4E7997D406C}.Debug|Any CPU.Build.0 = Debug|Any CPU
		{FF248AB9-C9AB-40D3-AF42-F4E7997D406C}.Release|Any CPU.ActiveCfg = Release|Any CPU
		{FF248AB9-C9AB-40D3-AF42-F4E7997D406C}.Release|Any CPU.Build.0 = Release|Any CPU
	EndGlobalSection
	GlobalSection(SolutionProperties) = preSolution
		HideSolutionNode = FALSE
	EndGlobalSection
	GlobalSection(ExtensibilityGlobals) = postSolution
		SolutionGuid = {3023B0F4-72A4-4D78-99F8-6AD38E68E54A}
	EndGlobalSection
EndGlobal
